{
  "name": "simple-form",
  "version": "1.0.0",
  "lockfileVersion": 2,
  "requires": true,
  "packages": {
    "": {
      "name": "simple-form",
      "version": "1.0.0",
      "license": "ISC",
      "dependencies": {
        "@aasaam/noto-font": "0.0.10"
      }
    },
    "node_modules/@aasaam/noto-font": {
      "version": "0.0.10",
      "resolved": "https://registry.npmjs.org/@aasaam/noto-font/-/noto-font-0.0.10.tgz",
      "integrity": "sha512-pnF82rNjG173lvZuQMfJ3eCxfifiLl46aVxiUJzkI0zfuIg9tNm8C15ndH0ccTU8OpowKIkQ/zrzvI/DBmkNpg=="
    }
  },
  "dependencies": {
    "@aasaam/noto-font": {
      "version": "0.0.10",
      "resolved": "https://registry.npmjs.org/@aasaam/noto-font/-/noto-font-0.0.10.tgz",
      "integrity": "sha512-pnF82rNjG173lvZuQMfJ3eCxfifiLl46aVxiUJzkI0zfuIg9tNm8C15ndH0ccTU8OpowKIkQ/zrzvI/DBmkNpg=="
    }
  }
}
